
Microsoft Visual Studio Solution File, Format Version 12.00
# Visual Studio Version 16
VisualStudioVersion = 16.0.30128.74
MinimumVisualStudioVersion = 10.0.40219.1
Project("{FAE04EC0-301F-11D3-BF4B-00C04F79EFBC}") = "CollectionBenchmark", "CollectionBenchmark.csproj", "{E989C582-2814-44E1-9CDF-AD7C4FCE0C0F}"
EndProject
Global
	GlobalSection(SolutionConfigurationPlatforms) = preSolution
		Debug|Any CPU = Debug|Any CPU
		Release|Any CPU = Release|Any CPU
	EndGlobalSection
	GlobalSection(ProjectConfigurationPlatforms) = postSolution
		{E989C582-2814-44E1-9CDF-AD7C4FCE0C0F}.Debug|Any CPU.ActiveCfg = Debug|Any CPU
		{E989C582-2814-44E1-9CDF-AD7C4FCE0C0F}.Debug|Any CPU.Build.0 = Debug|Any CPU
		{E989C582-2814-44E1-9CDF-AD7C4FCE0C0F}.Release|Any CPU.ActiveCfg = Release|Any CPU
		{E989C582-2814-44E1-9CDF-AD7C4FCE0C0F}.Release|Any CPU.Build.0 = Release|Any CPU
	EndGlobalSection
	GlobalSection(SolutionProperties) = preSolution
		HideSolutionNode = FALSE
	EndGlobalSection
	GlobalSection(ExtensibilityGlobals) = postSolution
		SolutionGuid = {D75D8379-481D-4B1D-BABC-922570D45654}
	EndGlobalSection
EndGlobal
